
Microsoft Visual Studio Solution File, Format Version 12.00
# Visual Studio Version 17
VisualStudioVersion = 17.9.34714.143
MinimumVisualStudioVersion = 10.0.40219.1
Project("{8BC9CEB8-8B4A-11D0-8D11-00A0C91BC942}") = "TestProject", "TestProject\TestProject.vcxproj", "{96D05A57-2481-4920-90D8-FA2E865ADEDA}"
EndProject
Project("{8BC9CEB8-8B4A-11D0-8D11-00A0C91BC942}") = "Project1", "Project1\Project1.vcxproj", "{89D64765-74EB-4749-8A93-E27B81A556B2}"
EndProject
Global
	GlobalSection(SolutionConfigurationPlatforms) = preSolution
		Debug|x64 = Debug|x64
		Debug|x86 = Debug|x86
		Release|x64 = Release|x64
		Release|x86 = Release|x86
	EndGlobalSection
	GlobalSection(ProjectConfigurationPlatforms) = postSolution
		{96D05A57-2481-4920-90D8-FA2E865ADEDA}.Debug|x64.ActiveCfg = Debug|x64
		{96D05A57-2481-4920-90D8-FA2E865ADEDA}.Debug|x64.Build.0 = Debug|x64
		{96D05A57-2481-4920-90D8-FA2E865ADEDA}.Debug|x86.ActiveCfg = Debug|Win32
		{96D05A57-2481-4920-90D8-FA2E865ADEDA}.Debug|x86.Build.0 = Debug|Win32
		{96D05A57-2481-4920-90D8-FA2E865ADEDA}.Release|x64.ActiveCfg = Release|x64
		{96D05A57-2481-4920-90D8-FA2E865ADEDA}.Release|x64.Build.0 = Release|x64
		{96D05A57-2481-4920-90D8-FA2E865ADEDA}.Release|x86.ActiveCfg = Release|Win32
		{96D05A57-2481-4920-90D8-FA2E865ADEDA}.Release|x86.Build.0 = Release|Win32
		{89D64765-74EB-4749-8A93-E27B81A556B2}.Debug|x64.ActiveCfg = Debug|x64
		{89D64765-74EB-4749-8A93-E27B81A556B2}.Debug|x64.Build.0 = Debug|x64
		{89D64765-74EB-4749-8A93-E27B81A556B2}.Debug|x86.ActiveCfg = Debug|Win32
		{89D64765-74EB-4749-8A93-E27B81A556B2}.Debug|x86.Build.0 = Debug|Win32
		{89D64765-74EB-4749-8A93-E27B81A556B2}.Release|x64.ActiveCfg = Release|x64
		{89D64765-74EB-4749-8A93-E27B81A556B2}.Release|x64.Build.0 = Release|x64
		{89D64765-74EB-4749-8A93-E27B81A556B2}.Release|x86.ActiveCfg = Release|Win32
		{89D64765-74EB-4749-8A93-E27B81A556B2}.Release|x86.Build.0 = Release|Win32
	EndGlobalSection
	GlobalSection(SolutionProperties) = preSolution
		HideSolutionNode = FALSE
	EndGlobalSection
	GlobalSection(ExtensibilityGlobals) = postSolution
		SolutionGuid = {E6BD2F9B-F2FA-4560-A158-1A40AD7E282D}
	EndGlobalSection
EndGlobal
